{
  "version": "5",
  "specifiers": {
    "jsr:@std/assert@^1.0.17": "1.0.19",
    "jsr:@std/assert@^1.0.19": "1.0.19",
    "jsr:@std/async@^1.1.0": "1.2.0",
    "jsr:@std/cli@^1.0.28": "1.0.28",
    "jsr:@std/data-structures@^1.0.10": "1.0.10",
    "jsr:@std/fmt@^1.0.9": "1.0.9",
    "jsr:@std/fs@1.0.4": "1.0.4",
    "jsr:@std/fs@^1.0.22": "1.0.23",
    "jsr:@std/fs@^1.0.23": "1.0.23",
    "jsr:@std/internal@^1.0.12": "1.0.12",
    "jsr:@std/path@*": "1.1.4",
    "jsr:@std/path@^1.0.6": "1.1.4",
    "jsr:@std/path@^1.1.4": "1.1.4",
    "jsr:@std/testing@^1.0.17": "1.0.17",
    "npm:@octokit/rest@^22.0.1": "22.0.1",
    "npm:lcov-parse@1": "1.0.0",
    "npm:marked@^17.0.4": "17.0.4",
    "npm:ts-morph@27.0.2": "27.0.2",
    "npm:ts-morph@^27.0.2": "27.0.2"
  },
  "jsr": {
    "@std/assert@1.0.19": {
      "integrity": "eaada96ee120cb980bc47e040f82814d786fe8162ecc53c91d8df60b8755991e",
      "dependencies": [
        "jsr:@std/internal"
      ]
    },
    "@std/async@1.2.0": {
      "integrity": "c059c6f6d95ca7cc012ae8e8d7164d1697113d54b0b679e4372b354b11c2dee5"
    },
    "@std/cli@1.0.28": {
      "integrity": "74ef9b976db59ca6b23a5283469c9072be6276853807a83ec6c7ce412135c70a",
      "dependencies": [
        "jsr:@std/fmt",
        "jsr:@std/internal"
      ]
    },
    "@std/data-structures@1.0.10": {
      "integrity": "f574f86b0e07c69b9edc555fcc814b57d29258bad39fd5a34ba8a80ecf033cfe"
    },
    "@std/fmt@1.0.9": {
      "integrity": "2487343e8899fb2be5d0e3d35013e54477ada198854e52dd05ed0422eddcabe0"
    },
    "@std/fs@1.0.4": {
      "integrity": "2907d32d8d1d9e540588fd5fe0ec21ee638134bd51df327ad4e443aaef07123c",
      "dependencies": [
        "jsr:@std/path@^1.0.6"
      ]
    },
    "@std/fs@1.0.23": {
      "integrity": "3ecbae4ce4fee03b180fa710caff36bb5adb66631c46a6460aaad49515565a37",
      "dependencies": [
        "jsr:@std/internal",
        "jsr:@std/path@^1.1.4"
      ]
    },
    "@std/internal@1.0.12": {
      "integrity": "972a634fd5bc34b242024402972cd5143eac68d8dffaca5eaa4dba30ce17b027"
    },
    "@std/path@1.1.4": {
      "integrity": "1d2d43f39efb1b42f0b1882a25486647cb851481862dc7313390b2bb044314b5",
      "dependencies": [
        "jsr:@std/internal"
      ]
    },
    "@std/testing@1.0.17": {
      "integrity": "87bdc2700fa98249d48a17cd72413352d3d3680dcfbdb64947fd0982d6bbf681",
      "dependencies": [
        "jsr:@std/assert@^1.0.17",
        "jsr:@std/async",
        "jsr:@std/data-structures",
        "jsr:@std/fs@^1.0.22",
        "jsr:@std/internal",
        "jsr:@std/path@^1.1.4"
      ]
    }
  },
  "npm": {
    "@octokit/auth-token@6.0.0": {
      "integrity": "sha512-P4YJBPdPSpWTQ1NU4XYdvHvXJJDxM6YwpS0FZHRgP7YFkdVxsWcpWGy/NVqlAA7PcPCnMacXlRm1y2PFZRWL/w=="
    },
    "@octokit/core@7.0.6": {
      "integrity": "sha512-DhGl4xMVFGVIyMwswXeyzdL4uXD5OGILGX5N8Y+f6W7LhC1Ze2poSNrkF/fedpVDHEEZ+PHFW0vL14I+mm8K3Q==",
      "dependencies": [
        "@octokit/auth-token",
        "@octokit/graphql",
        "@octokit/request",
        "@octokit/request-error",
        "@octokit/types",
        "before-after-hook",
        "universal-user-agent"
      ]
    },
    "@octokit/endpoint@11.0.3": {
      "integrity": "sha512-FWFlNxghg4HrXkD3ifYbS/IdL/mDHjh9QcsNyhQjN8dplUoZbejsdpmuqdA76nxj2xoWPs7p8uX2SNr9rYu0Ag==",
      "dependencies": [
        "@octokit/types",
        "universal-user-agent"
      ]
    },
    "@octokit/graphql@9.0.3": {
      "integrity": "sha512-grAEuupr/C1rALFnXTv6ZQhFuL1D8G5y8CN04RgrO4FIPMrtm+mcZzFG7dcBm+nq+1ppNixu+Jd78aeJOYxlGA==",
      "dependencies": [
        "@octokit/request",
        "@octokit/types",
        "universal-user-agent"
      ]
    },
    "@octokit/openapi-types@27.0.0": {
      "integrity": "sha512-whrdktVs1h6gtR+09+QsNk2+FO+49j6ga1c55YZudfEG+oKJVvJLQi3zkOm5JjiUXAagWK2tI2kTGKJ2Ys7MGA=="
    },
    "@octokit/plugin-paginate-rest@14.0.0_@octokit+core@7.0.6": {
      "integrity": "sha512-fNVRE7ufJiAA3XUrha2omTA39M6IXIc6GIZLvlbsm8QOQCYvpq/LkMNGyFlB1d8hTDzsAXa3OKtybdMAYsV/fw==",
      "dependencies": [
        "@octokit/core",
        "@octokit/types"
      ]
    },
    "@octokit/plugin-request-log@6.0.0_@octokit+core@7.0.6": {
      "integrity": "sha512-UkOzeEN3W91/eBq9sPZNQ7sUBvYCqYbrrD8gTbBuGtHEuycE4/awMXcYvx6sVYo7LypPhmQwwpUe4Yyu4QZN5Q==",
      "dependencies": [
        "@octokit/core"
      ]
    },
    "@octokit/plugin-rest-endpoint-methods@17.0.0_@octokit+core@7.0.6": {
      "integrity": "sha512-B5yCyIlOJFPqUUeiD0cnBJwWJO8lkJs5d8+ze9QDP6SvfiXSz1BF+91+0MeI1d2yxgOhU/O+CvtiZ9jSkHhFAw==",
      "dependencies": [
        "@octokit/core",
        "@octokit/types"
      ]
    },
    "@octokit/request-error@7.1.0": {
      "integrity": "sha512-KMQIfq5sOPpkQYajXHwnhjCC0slzCNScLHs9JafXc4RAJI+9f+jNDlBNaIMTvazOPLgb4BnlhGJOTbnN0wIjPw==",
      "dependencies": [
        "@octokit/types"
      ]
    },
    "@octokit/request@10.0.8": {
      "integrity": "sha512-SJZNwY9pur9Agf7l87ywFi14W+Hd9Jg6Ifivsd33+/bGUQIjNujdFiXII2/qSlN2ybqUHfp5xpekMEjIBTjlSw==",
      "dependencies": [
        "@octokit/endpoint",
        "@octokit/request-error",
        "@octokit/types",
        "fast-content-type-parse",
        "json-with-bigint",
        "universal-user-agent"
      ]
    },
    "@octokit/rest@22.0.1": {
      "integrity": "sha512-Jzbhzl3CEexhnivb1iQ0KJ7s5vvjMWcmRtq5aUsKmKDrRW6z3r84ngmiFKFvpZjpiU/9/S6ITPFRpn5s/3uQJw==",
      "dependencies": [
        "@octokit/core",
        "@octokit/plugin-paginate-rest",
        "@octokit/plugin-request-log",
        "@octokit/plugin-rest-endpoint-methods"
      ]
    },
    "@octokit/types@16.0.0": {
      "integrity": "sha512-sKq+9r1Mm4efXW1FCk7hFSeJo4QKreL/tTbR0rz/qx/r1Oa2VV83LTA/H/MuCOX7uCIJmQVRKBcbmWoySjAnSg==",
      "dependencies": [
        "@octokit/openapi-types"
      ]
    },
    "@ts-morph/common@0.28.1": {
      "integrity": "sha512-W74iWf7ILp1ZKNYXY5qbddNaml7e9Sedv5lvU1V8lftlitkc9Pq1A+jlH23ltDgWYeZFFEqGCD1Ies9hqu3O+g==",
      "dependencies": [
        "minimatch",
        "path-browserify",
        "tinyglobby"
      ]
    },
    "balanced-match@4.0.4": {
      "integrity": "sha512-BLrgEcRTwX2o6gGxGOCNyMvGSp35YofuYzw9h1IMTRmKqttAZZVU67bdb9Pr2vUHA8+j3i2tJfjO6C6+4myGTA=="
    },
    "before-after-hook@4.0.0": {
      "integrity": "sha512-q6tR3RPqIB1pMiTRMFcZwuG5T8vwp+vUvEG0vuI6B+Rikh5BfPp2fQ82c925FOs+b0lcFQ8CFrL+KbilfZFhOQ=="
    },
    "brace-expansion@5.0.4": {
      "integrity": "sha512-h+DEnpVvxmfVefa4jFbCf5HdH5YMDXRsmKflpf1pILZWRFlTbJpxeU55nJl4Smt5HQaGzg1o6RHFPJaOqnmBDg==",
      "dependencies": [
        "balanced-match"
      ]
    },
    "code-block-writer@13.0.3": {
      "integrity": "sha512-Oofo0pq3IKnsFtuHqSF7TqBfr71aeyZDVJ0HpmqB7FBM2qEigL0iPONSCZSO9pE9dZTAxANe5XHG9Uy0YMv8cg=="
    },
    "fast-content-type-parse@3.0.0": {
      "integrity": "sha512-ZvLdcY8P+N8mGQJahJV5G4U88CSvT1rP8ApL6uETe88MBXrBHAkZlSEySdUlyztF7ccb+Znos3TFqaepHxdhBg=="
    },
    "fdir@6.5.0_picomatch@4.0.3": {
      "integrity": "sha512-tIbYtZbucOs0BRGqPJkshJUYdL+SDH7dVM8gjy+ERp3WAUjLEFJE+02kanyHtwjWOnwrKYBiwAmM0p4kLJAnXg==",
      "dependencies": [
        "picomatch"
      ],
      "optionalPeers": [
        "picomatch"
      ]
    },
    "json-with-bigint@3.5.7": {
      "integrity": "sha512-7ei3MdAI5+fJPVnKlW77TKNKwQ5ppSzWvhPuSuINT/GYW9ZOC1eRKOuhV9yHG5aEsUPj9BBx5JIekkmoLHxZOw=="
    },
    "lcov-parse@1.0.0": {
      "integrity": "sha512-aprLII/vPzuQvYZnDRU78Fns9I2Ag3gi4Ipga/hxnVMCZC8DnR2nI7XBqrPoywGfxqIx/DgarGvDJZAD3YBTgQ==",
      "bin": true
    },
    "marked@17.0.4": {
      "integrity": "sha512-NOmVMM+KAokHMvjWmC5N/ZOvgmSWuqJB8FoYI019j4ogb/PeRMKoKIjReZ2w3376kkA8dSJIP8uD993Kxc0iRQ==",
      "bin": true
    },
    "minimatch@10.2.4": {
      "integrity": "sha512-oRjTw/97aTBN0RHbYCdtF1MQfvusSIBQM0IZEgzl6426+8jSC0nF1a/GmnVLpfB9yyr6g6FTqWqiZVbxrtaCIg==",
      "dependencies": [
        "brace-expansion"
      ]
    },
    "path-browserify@1.0.1": {
      "integrity": "sha512-b7uo2UCUOYZcnF/3ID0lulOJi/bafxa1xPe7ZPsammBSpjSWQkjNxlt635YGS2MiR9GjvuXCtz2emr3jbsz98g=="
    },
    "picomatch@4.0.3": {
      "integrity": "sha512-5gTmgEY/sqK6gFXLIsQNH19lWb4ebPDLA4SdLP7dsWkIXHWlG66oPuVvXSGFPppYZz8ZDZq0dYYrbHfBCVUb1Q=="
    },
    "tinyglobby@0.2.15": {
      "integrity": "sha512-j2Zq4NyQYG5XMST4cbs02Ak8iJUdxRM0XI5QyxXuZOzKOINmWurp3smXu3y5wDcJrptwpSjgXHzIQxR0omXljQ==",
      "dependencies": [
        "fdir",
        "picomatch"
      ]
    },
    "ts-morph@27.0.2": {
      "integrity": "sha512-fhUhgeljcrdZ+9DZND1De1029PrE+cMkIP7ooqkLRTrRLTqcki2AstsyJm0vRNbTbVCNJ0idGlbBrfqc7/nA8w==",
      "dependencies": [
        "@ts-morph/common",
        "code-block-writer"
      ]
    },
    "universal-user-agent@7.0.3": {
      "integrity": "sha512-TmnEAEAsBJVZM/AADELsK76llnwcf9vMKuPz8JflO1frO8Lchitr0fNaN9d+Ap0BjKtqWqd/J17qeDnXh8CL2A=="
    }
  },
  "remote": {
    "https://deno.land/x/scanner@v0.2.0/helpers.ts": "1f7077039ae92e75d5ab558cb0c596cd52f79e26085c6f5d26b9fe78c0001904",
    "https://deno.land/x/scanner@v0.2.0/mod.ts": "84221e308f431f5f9fae37027937a79d8d02dc513267fd67dd11d3f50de2f9eb",
    "https://deno.land/x/scanner@v0.2.0/scanner.ts": "b277a86815a60d11b0f9c821f042dae249d9ee74a31ceb10c463818bd0b74490"
  },
  "workspace": {
    "dependencies": [
      "jsr:@std/assert@^1.0.19",
      "jsr:@std/cli@^1.0.28",
      "jsr:@std/fmt@^1.0.9",
      "jsr:@std/fs@^1.0.23",
      "jsr:@std/path@^1.1.4",
      "jsr:@std/testing@^1.0.17",
      "npm:@octokit/rest@^22.0.1",
      "npm:lcov-parse@1",
      "npm:marked@^17.0.4",
      "npm:ts-morph@^27.0.2"
    ]
  }
}
